FORMAT_VERSION=1
KRIG_VERSION=1.5.6
KRIG_RELEASE_TAG=v1.5.6
KRIG_RELEASE_REVISION=259a2a064b28dcf7d0f1921dcdb2c3f608242567
KRIG_ASSET_NAME=krig-miner-1.5.6-linux-x64.tar.gz
KRIG_ASSET_URL=https://github.com/kryptex/krig-miner/releases/download/v1.5.6/krig-miner-1.5.6-linux-x64.tar.gz
KRIG_ARCHIVE_TYPE=tar.gz
KRIG_ASSET_SIZE_BYTES=84104851
KRIG_ASSET_SHA256=311b8b6a6d3154878077466f8064a3895bb1b38616cfdef53b174679d42796d8
KRIG_ASSET_SHA256_PROVENANCE=UPSTREAM_PUBLISHED
KRIG_BINARY_SHA256=9cb2279f828b9c94b843634ffaa564506470e0381328fac01344bc6441655c05
KRIG_BINARY_SHA256_PROVENANCE=LOCALLY_FROZEN_AUDIT
